
Microsoft Visual Studio Solution File, Format Version 12.00
# Visual Studio Version 17
VisualStudioVersion = 17.11.35312.102
MinimumVisualStudioVersion = 10.0.40219.1
Project("{FAE04EC0-301F-11D3-BF4B-00C04F79EFBC}") = "Personas.API", "..\..\Personas.API\Personas.API.csproj", "{2AC4304E-301A-420F-99D7-CF7C0BD6FFBE}"
EndProject
Project("{2150E333-8FDC-42A3-9474-1A3956D46DE8}") = "Personas", "Personas", "{D1F93728-D178-4FCD-8CAD-7A28A7576D89}"
EndProject
Project("{FAE04EC0-301F-11D3-BF4B-00C04F79EFBC}") = "Personas.Dominio", "Personas.Dominio\Personas.Dominio.csproj", "{32DE8758-B054-4538-8EBA-A5C4779CAE12}"
EndProject
Project("{2150E333-8FDC-42A3-9474-1A3956D46DE8}") = "Citas", "Citas", "{4B94719B-DBCF-4A48-A817-6F0A4E853DCD}"
EndProject
Project("{FAE04EC0-301F-11D3-BF4B-00C04F79EFBC}") = "Personas.Application", "Personas.Application\Personas.Application.csproj", "{F61E8C10-6953-4A95-ADD8-034E88BA9D96}"
EndProject
Project("{FAE04EC0-301F-11D3-BF4B-00C04F79EFBC}") = "Personas.Infrastructure", "Personas.Infrastructure\Personas.Infrastructure.csproj", "{A55069CA-7ABF-4BB5-A00C-7EAA7B078817}"
EndProject
Project("{FAE04EC0-301F-11D3-BF4B-00C04F79EFBC}") = "Citas.APi", "Citas.APi\Citas.APi.csproj", "{C84654A7-BB38-4F27-A0AE-97C7673AFC41}"
EndProject
Project("{FAE04EC0-301F-11D3-BF4B-00C04F79EFBC}") = "Citas.Application", "Citas.Application\Citas.Application.csproj", "{3869E106-4D92-44A5-BB02-66EB194A88EB}"
EndProject
Project("{FAE04EC0-301F-11D3-BF4B-00C04F79EFBC}") = "Citas.Domain", "Citas.Domain\Citas.Domain.csproj", "{C8B1854E-0D24-436C-8166-F41A29611930}"
EndProject
Project("{FAE04EC0-301F-11D3-BF4B-00C04F79EFBC}") = "Citas.Infrastructure", "Cita.Infrastructure\Citas.Infrastructure.csproj", "{1210A4A2-10ED-4A37-BE26-068ECB152CC0}"
EndProject
Project("{2150E333-8FDC-42A3-9474-1A3956D46DE8}") = "Receta", "Receta", "{DCB50AE5-21CC-4574-92E6-445799F6D135}"
EndProject
Project("{FAE04EC0-301F-11D3-BF4B-00C04F79EFBC}") = "Recetas.Api", "Recetas.Api\Recetas.Api.csproj", "{7AD4BF2E-327B-4E70-BC9F-B11A09E47E34}"
EndProject
Project("{FAE04EC0-301F-11D3-BF4B-00C04F79EFBC}") = "Recetas.Domain", "Recetas.Domain\Recetas.Domain.csproj", "{42BED81B-0956-46FA-9FB9-00E6B36D41D8}"
EndProject
Project("{FAE04EC0-301F-11D3-BF4B-00C04F79EFBC}") = "Recetas.Infrastructure", "Recetas.Infrastructure\Recetas.Infrastructure.csproj", "{27DF3062-A4C8-47C8-8C07-C73F0354062E}"
EndProject
Project("{FAE04EC0-301F-11D3-BF4B-00C04F79EFBC}") = "Recetas.Application", "Recetas.Application\Recetas.Application.csproj", "{7B513F23-D785-4067-B96E-2A3B130D1FB9}"
EndProject
Project("{FAE04EC0-301F-11D3-BF4B-00C04F79EFBC}") = "TestGestioncitas", "TestGestioncitas\TestGestioncitas.csproj", "{44D554B7-81C8-42E4-82C0-D387BC8488EA}"
EndProject
Global
	GlobalSection(SolutionConfigurationPlatforms) = preSolution
		Debug|Any CPU = Debug|Any CPU
		Release|Any CPU = Release|Any CPU
	EndGlobalSection
	GlobalSection(ProjectConfigurationPlatforms) = postSolution
		{2AC4304E-301A-420F-99D7-CF7C0BD6FFBE}.Debug|Any CPU.ActiveCfg = Debug|Any CPU
		{2AC4304E-301A-420F-99D7-CF7C0BD6FFBE}.Debug|Any CPU.Build.0 = Debug|Any CPU
		{2AC4304E-301A-420F-99D7-CF7C0BD6FFBE}.Release|Any CPU.ActiveCfg = Release|Any CPU
		{2AC4304E-301A-420F-99D7-CF7C0BD6FFBE}.Release|Any CPU.Build.0 = Release|Any CPU
		{32DE8758-B054-4538-8EBA-A5C4779CAE12}.Debug|Any CPU.ActiveCfg = Debug|Any CPU
		{32DE8758-B054-4538-8EBA-A5C4779CAE12}.Debug|Any CPU.Build.0 = Debug|Any CPU
		{32DE8758-B054-4538-8EBA-A5C4779CAE12}.Release|Any CPU.ActiveCfg = Release|Any CPU
		{32DE8758-B054-4538-8EBA-A5C4779CAE12}.Release|Any CPU.Build.0 = Release|Any CPU
		{F61E8C10-6953-4A95-ADD8-034E88BA9D96}.Debug|Any CPU.ActiveCfg = Debug|Any CPU
		{F61E8C10-6953-4A95-ADD8-034E88BA9D96}.Debug|Any CPU.Build.0 = Debug|Any CPU
		{F61E8C10-6953-4A95-ADD8-034E88BA9D96}.Release|Any CPU.ActiveCfg = Release|Any CPU
		{F61E8C10-6953-4A95-ADD8-034E88BA9D96}.Release|Any CPU.Build.0 = Release|Any CPU
		{A55069CA-7ABF-4BB5-A00C-7EAA7B078817}.Debug|Any CPU.ActiveCfg = Debug|Any CPU
		{A55069CA-7ABF-4BB5-A00C-7EAA7B078817}.Debug|Any CPU.Build.0 = Debug|Any CPU
		{A55069CA-7ABF-4BB5-A00C-7EAA7B078817}.Release|Any CPU.ActiveCfg = Release|Any CPU
		{A55069CA-7ABF-4BB5-A00C-7EAA7B078817}.Release|Any CPU.Build.0 = Release|Any CPU
		{C84654A7-BB38-4F27-A0AE-97C7673AFC41}.Debug|Any CPU.ActiveCfg = Debug|Any CPU
		{C84654A7-BB38-4F27-A0AE-97C7673AFC41}.Debug|Any CPU.Build.0 = Debug|Any CPU
		{C84654A7-BB38-4F27-A0AE-97C7673AFC41}.Release|Any CPU.ActiveCfg = Release|Any CPU
		{C84654A7-BB38-4F27-A0AE-97C7673AFC41}.Release|Any CPU.Build.0 = Release|Any CPU
		{3869E106-4D92-44A5-BB02-66EB194A88EB}.Debug|Any CPU.ActiveCfg = Debug|Any CPU
		{3869E106-4D92-44A5-BB02-66EB194A88EB}.Debug|Any CPU.Build.0 = Debug|Any CPU
		{3869E106-4D92-44A5-BB02-66EB194A88EB}.Release|Any CPU.ActiveCfg = Release|Any CPU
		{3869E106-4D92-44A5-BB02-66EB194A88EB}.Release|Any CPU.Build.0 = Release|Any CPU
		{C8B1854E-0D24-436C-8166-F41A29611930}.Debug|Any CPU.ActiveCfg = Debug|Any CPU
		{C8B1854E-0D24-436C-8166-F41A29611930}.Debug|Any CPU.Build.0 = Debug|Any CPU
		{C8B1854E-0D24-436C-8166-F41A29611930}.Release|Any CPU.ActiveCfg = Release|Any CPU
		{C8B1854E-0D24-436C-8166-F41A29611930}.Release|Any CPU.Build.0 = Release|Any CPU
		{1210A4A2-10ED-4A37-BE26-068ECB152CC0}.Debug|Any CPU.ActiveCfg = Debug|Any CPU
		{1210A4A2-10ED-4A37-BE26-068ECB152CC0}.Debug|Any CPU.Build.0 = Debug|Any CPU
		{1210A4A2-10ED-4A37-BE26-068ECB152CC0}.Release|Any CPU.ActiveCfg = Release|Any CPU
		{1210A4A2-10ED-4A37-BE26-068ECB152CC0}.Release|Any CPU.Build.0 = Release|Any CPU
		{7AD4BF2E-327B-4E70-BC9F-B11A09E47E34}.Debug|Any CPU.ActiveCfg = Debug|Any CPU
		{7AD4BF2E-327B-4E70-BC9F-B11A09E47E34}.Debug|Any CPU.Build.0 = Debug|Any CPU
		{7AD4BF2E-327B-4E70-BC9F-B11A09E47E34}.Release|Any CPU.ActiveCfg = Release|Any CPU
		{7AD4BF2E-327B-4E70-BC9F-B11A09E47E34}.Release|Any CPU.Build.0 = Release|Any CPU
		{42BED81B-0956-46FA-9FB9-00E6B36D41D8}.Debug|Any CPU.ActiveCfg = Debug|Any CPU
		{42BED81B-0956-46FA-9FB9-00E6B36D41D8}.Debug|Any CPU.Build.0 = Debug|Any CPU
		{42BED81B-0956-46FA-9FB9-00E6B36D41D8}.Release|Any CPU.ActiveCfg = Release|Any CPU
		{42BED81B-0956-46FA-9FB9-00E6B36D41D8}.Release|Any CPU.Build.0 = Release|Any CPU
		{27DF3062-A4C8-47C8-8C07-C73F0354062E}.Debug|Any CPU.ActiveCfg = Debug|Any CPU
		{27DF3062-A4C8-47C8-8C07-C73F0354062E}.Debug|Any CPU.Build.0 = Debug|Any CPU
		{27DF3062-A4C8-47C8-8C07-C73F0354062E}.Release|Any CPU.ActiveCfg = Release|Any CPU
		{27DF3062-A4C8-47C8-8C07-C73F0354062E}.Release|Any CPU.Build.0 = Release|Any CPU
		{7B513F23-D785-4067-B96E-2A3B130D1FB9}.Debug|Any CPU.ActiveCfg = Debug|Any CPU
		{7B513F23-D785-4067-B96E-2A3B130D1FB9}.Debug|Any CPU.Build.0 = Debug|Any CPU
		{7B513F23-D785-4067-B96E-2A3B130D1FB9}.Release|Any CPU.ActiveCfg = Release|Any CPU
		{7B513F23-D785-4067-B96E-2A3B130D1FB9}.Release|Any CPU.Build.0 = Release|Any CPU
		{44D554B7-81C8-42E4-82C0-D387BC8488EA}.Debug|Any CPU.ActiveCfg = Debug|Any CPU
		{44D554B7-81C8-42E4-82C0-D387BC8488EA}.Debug|Any CPU.Build.0 = Debug|Any CPU
		{44D554B7-81C8-42E4-82C0-D387BC8488EA}.Release|Any CPU.ActiveCfg = Release|Any CPU
		{44D554B7-81C8-42E4-82C0-D387BC8488EA}.Release|Any CPU.Build.0 = Release|Any CPU
	EndGlobalSection
	GlobalSection(SolutionProperties) = preSolution
		HideSolutionNode = FALSE
	EndGlobalSection
	GlobalSection(NestedProjects) = preSolution
		{2AC4304E-301A-420F-99D7-CF7C0BD6FFBE} = {D1F93728-D178-4FCD-8CAD-7A28A7576D89}
		{32DE8758-B054-4538-8EBA-A5C4779CAE12} = {D1F93728-D178-4FCD-8CAD-7A28A7576D89}
		{F61E8C10-6953-4A95-ADD8-034E88BA9D96} = {D1F93728-D178-4FCD-8CAD-7A28A7576D89}
		{A55069CA-7ABF-4BB5-A00C-7EAA7B078817} = {D1F93728-D178-4FCD-8CAD-7A28A7576D89}
		{C84654A7-BB38-4F27-A0AE-97C7673AFC41} = {4B94719B-DBCF-4A48-A817-6F0A4E853DCD}
		{3869E106-4D92-44A5-BB02-66EB194A88EB} = {4B94719B-DBCF-4A48-A817-6F0A4E853DCD}
		{C8B1854E-0D24-436C-8166-F41A29611930} = {4B94719B-DBCF-4A48-A817-6F0A4E853DCD}
		{1210A4A2-10ED-4A37-BE26-068ECB152CC0} = {4B94719B-DBCF-4A48-A817-6F0A4E853DCD}
		{7AD4BF2E-327B-4E70-BC9F-B11A09E47E34} = {DCB50AE5-21CC-4574-92E6-445799F6D135}
		{42BED81B-0956-46FA-9FB9-00E6B36D41D8} = {DCB50AE5-21CC-4574-92E6-445799F6D135}
		{27DF3062-A4C8-47C8-8C07-C73F0354062E} = {DCB50AE5-21CC-4574-92E6-445799F6D135}
		{7B513F23-D785-4067-B96E-2A3B130D1FB9} = {DCB50AE5-21CC-4574-92E6-445799F6D135}
	EndGlobalSection
	GlobalSection(ExtensibilityGlobals) = postSolution
		SolutionGuid = {15E28DA8-FC18-4C6B-B280-1F2EEEC451C0}
	EndGlobalSection
EndGlobal
